
Microsoft Visual Studio Solution File, Format Version 12.00
# Visual Studio 15
VisualStudioVersion = 15.0.27703.2035
MinimumVisualStudioVersion = 10.0.40219.1
Project("{FAE04EC0-301F-11D3-BF4B-00C04F79EFBC}") = "Calculadora", "Calculadora\Calculadora.csproj", "{A167BCE9-0953-43E2-985A-91934A53F3CF}"
EndProject
Global
	GlobalSection(SolutionConfigurationPlatforms) = preSolution
		Debug|Any CPU = Debug|Any CPU
		Release|Any CPU = Release|Any CPU
	EndGlobalSection
	GlobalSection(ProjectConfigurationPlatforms) = postSolution
		{A167BCE9-0953-43E2-985A-91934A53F3CF}.Debug|Any CPU.ActiveCfg = Debug|Any CPU
		{A167BCE9-0953-43E2-985A-91934A53F3CF}.Debug|Any CPU.Build.0 = Debug|Any CPU
		{A167BCE9-0953-43E2-985A-91934A53F3CF}.Release|Any CPU.ActiveCfg = Release|Any CPU
		{A167BCE9-0953-43E2-985A-91934A53F3CF}.Release|Any CPU.Build.0 = Release|Any CPU
	EndGlobalSection
	GlobalSection(SolutionProperties) = preSolution
		HideSolutionNode = FALSE
	EndGlobalSection
	GlobalSection(ExtensibilityGlobals) = postSolution
		SolutionGuid = {D349083C-0D94-401A-B994-DF940E4B0563}
	EndGlobalSection
EndGlobal
